
Microsoft Visual Studio Solution File, Format Version 12.00
# Visual Studio Version 16
VisualStudioVersion = 16.0.32106.194
MinimumVisualStudioVersion = 10.0.40219.1
Project("{FAE04EC0-301F-11D3-BF4B-00C04F79EFBC}") = "ConsoleApp11", "ConsoleApp11\ConsoleApp11.csproj", "{1ADA19C4-706F-405C-B0FF-4098FDD31FD6}"
EndProject
Global
	GlobalSection(SolutionConfigurationPlatforms) = preSolution
		Debug|Any CPU = Debug|Any CPU
		Release|Any CPU = Release|Any CPU
	EndGlobalSection
	GlobalSection(ProjectConfigurationPlatforms) = postSolution
		{1ADA19C4-706F-405C-B0FF-4098FDD31FD6}.Debug|Any CPU.ActiveCfg = Debug|Any CPU
		{1ADA19C4-706F-405C-B0FF-4098FDD31FD6}.Debug|Any CPU.Build.0 = Debug|Any CPU
		{1ADA19C4-706F-405C-B0FF-4098FDD31FD6}.Release|Any CPU.ActiveCfg = Release|Any CPU
		{1ADA19C4-706F-405C-B0FF-4098FDD31FD6}.Release|Any CPU.Build.0 = Release|Any CPU
	EndGlobalSection
	GlobalSection(SolutionProperties) = preSolution
		HideSolutionNode = FALSE
	EndGlobalSection
	GlobalSection(ExtensibilityGlobals) = postSolution
		SolutionGuid = {802F46B3-DB94-4788-B18E-CFC8AC434C58}
	EndGlobalSection
EndGlobal
